// !$*UTF8*$!
{
	archiveVersion = 1;
	classes = {
	};
	objectVersion = 46;
	objects = {

/* Begin PBXBuildFile section */
		01B2E39A1D8E2E1700D292C8 /* XFBaseViewController.m in Sources */ = {isa = PBXBuildFile; fileRef = 01B2E37C1D8E2E1700D292C8 /* XFBaseViewController.m */; };
		01B2E39B1D8E2E1700D292C8 /* XFObject.m in Sources */ = {isa = PBXBuildFile; fileRef = 01B2E37E1D8E2E1700D292C8 /* XFObject.m */; };
		01B2E39C1D8E2E1700D292C8 /* DeviceUDID.m in Sources */ = {isa = PBXBuildFile; fileRef = 01B2E3821D8E2E1700D292C8 /* DeviceUDID.m */; settings = {COMPILER_FLAGS = "-fno-objc-arc"; }; };
		01B2E39D1D8E2E1700D292C8 /* XFConfig.m in Sources */ = {isa = PBXBuildFile; fileRef = 01B2E3841D8E2E1700D292C8 /* XFConfig.m */; };
		01B2E39E1D8E2E1700D292C8 /* XFApi.m in Sources */ = {isa = PBXBuildFile; fileRef = 01B2E38B1D8E2E1700D292C8 /* XFApi.m */; };
		01B2E39F1D8E2E1700D292C8 /* XFNetEngine.m in Sources */ = {isa = PBXBuildFile; fileRef = 01B2E38D1D8E2E1700D292C8 /* XFNetEngine.m */; };
		01B2E3A01D8E2E1700D292C8 /* XFCacheManager.m in Sources */ = {isa = PBXBuildFile; fileRef = 01B2E3931D8E2E1700D292C8 /* XFCacheManager.m */; };
		01B2E3A11D8E2E1700D292C8 /* XFHelper.m in Sources */ = {isa = PBXBuildFile; fileRef = 01B2E3991D8E2E1700D292C8 /* XFHelper.m */; };
		01B2E3A51D8E2EC200D292C8 /* XFModel.m in Sources */ = {isa = PBXBuildFile; fileRef = 01B2E3A41D8E2EC200D292C8 /* XFModel.m */; };
		01B2E3A81D8E2EEE00D292C8 /* XFUser.m in Sources */ = {isa = PBXBuildFile; fileRef = 01B2E3A71D8E2EEE00D292C8 /* XFUser.m */; };
		01BBC89B1D87C41F00689BFF /* main.m in Sources */ = {isa = PBXBuildFile; fileRef = 01BBC89A1D87C41F00689BFF /* main.m */; };
		01BBC89E1D87C41F00689BFF /* AppDelegate.m in Sources */ = {isa = PBXBuildFile; fileRef = 01BBC89D1D87C41F00689BFF /* AppDelegate.m */; };
		01BBC8A11D87C41F00689BFF /* ViewController.m in Sources */ = {isa = PBXBuildFile; fileRef = 01BBC8A01D87C41F00689BFF /* ViewController.m */; };
		01BBC8A41D87C41F00689BFF /* Main.storyboard in Resources */ = {isa = PBXBuildFile; fileRef = 01BBC8A21D87C41F00689BFF /* Main.storyboard */; };
		01BBC8A71D87C41F00689BFF /* XF.xcdatamodeld in Sources */ = {isa = PBXBuildFile; fileRef = 01BBC8A51D87C41F00689BFF /* XF.xcdatamodeld */; };
		01BBC8A91D87C41F00689BFF /* Assets.xcassets in Resources */ = {isa = PBXBuildFile; fileRef = 01BBC8A81D87C41F00689BFF /* Assets.xcassets */; };
		01BBC8AC1D87C41F00689BFF /* LaunchScreen.storyboard in Resources */ = {isa = PBXBuildFile; fileRef = 01BBC8AA1D87C41F00689BFF /* LaunchScreen.storyboard */; };
		01BBC8B71D87C41F00689BFF /* XFTests.m in Sources */ = {isa = PBXBuildFile; fileRef = 01BBC8B61D87C41F00689BFF /* XFTests.m */; };
		01BBC8C21D87C41F00689BFF /* XFUITests.m in Sources */ = {isa = PBXBuildFile; fileRef = 01BBC8C11D87C41F00689BFF /* XFUITests.m */; };
		811BD0781DB8BE6300234CE8 /* payService.m in Sources */ = {isa = PBXBuildFile; fileRef = 811BD0771DB8BE6300234CE8 /* payService.m */; };
		811BD07B1DB8E7D300234CE8 /* IAPPayManager.m in Sources */ = {isa = PBXBuildFile; fileRef = 811BD07A1DB8E7D300234CE8 /* IAPPayManager.m */; };
		813F93E51DB5F8F700722E22 /* StoreKit.framework in Frameworks */ = {isa = PBXBuildFile; fileRef = 813F93E41DB5F8F700722E22 /* StoreKit.framework */; };
		819D7BF41DC0FDAD00261CD1 /* LoginViewController.m in Sources */ = {isa = PBXBuildFile; fileRef = 819D7BF31DC0FDAD00261CD1 /* LoginViewController.m */; };
		81A6B7911DAF8C610057D302 /* payViewController.m in Sources */ = {isa = PBXBuildFile; fileRef = 81A6B78F1DAF8C610057D302 /* payViewController.m */; };
		81A6B7921DAF8C610057D302 /* payViewController.xib in Resources */ = {isa = PBXBuildFile; fileRef = 81A6B7901DAF8C610057D302 /* payViewController.xib */; };
		C3E5A337AFA98E1B984AA172 /* libPods-XF.a in Frameworks */ = {isa = PBXBuildFile; fileRef = FD90BFE34D4A5FFF50ABBEDB /* libPods-XF.a */; };
/* End PBXBuildFile section */

/* Begin PBXContainerItemProxy section */
		01BBC8B31D87C41F00689BFF /* PBXContainerItemProxy */ = {
			isa = PBXContainerItemProxy;
			containerPortal = 01BBC88E1D87C41F00689BFF /* Project object */;
			proxyType = 1;
			remoteGlobalIDString = 01BBC8951D87C41F00689BFF;
			remoteInfo = XF;
		};
		01BBC8BE1D87C41F00689BFF /* PBXContainerItemProxy */ = {
			isa = PBXContainerItemProxy;
			containerPortal = 01BBC88E1D87C41F00689BFF /* Project object */;
			proxyType = 1;
			remoteGlobalIDString = 01BBC8951D87C41F00689BFF;
			remoteInfo = XF;
		};
/* End PBXContainerItemProxy section */

/* Begin PBXFileReference section */
		01B2E36A1D8CFA2000D292C8 /* PrefixHeader.pch */ = {isa = PBXFileReference; lastKnownFileType = sourcecode.c.h; path = PrefixHeader.pch; sourceTree = "<group>"; };
		01B2E37B1D8E2E1700D292C8 /* XFBaseViewController.h */ = {isa = PBXFileReference; fileEncoding = 4; lastKnownFileType = sourcecode.c.h; path = XFBaseViewController.h; sourceTree = "<group>"; };
		01B2E37C1D8E2E1700D292C8 /* XFBaseViewController.m */ = {isa = PBXFileReference; fileEncoding = 4; lastKnownFileType = sourcecode.c.objc; path = XFBaseViewController.m; sourceTree = "<group>"; };
		01B2E37D1D8E2E1700D292C8 /* XFObject.h */ = {isa = PBXFileReference; fileEncoding = 4; lastKnownFileType = sourcecode.c.h; path = XFObject.h; sourceTree = "<group>"; };
		01B2E37E1D8E2E1700D292C8 /* XFObject.m */ = {isa = PBXFileReference; fileEncoding = 4; lastKnownFileType = sourcecode.c.objc; path = XFObject.m; sourceTree = "<group>"; };
		01B2E3811D8E2E1700D292C8 /* DeviceUDID.h */ = {isa = PBXFileReference; fileEncoding = 4; lastKnownFileType = sourcecode.c.h; path = DeviceUDID.h; sourceTree = "<group>"; };
		01B2E3821D8E2E1700D292C8 /* DeviceUDID.m */ = {isa = PBXFileReference; fileEncoding = 4; lastKnownFileType = sourcecode.c.objc; path = DeviceUDID.m; sourceTree = "<group>"; };
		01B2E3831D8E2E1700D292C8 /* XFConfig.h */ = {isa = PBXFileReference; fileEncoding = 4; lastKnownFileType = sourcecode.c.h; path = XFConfig.h; sourceTree = "<group>"; };
		01B2E3841D8E2E1700D292C8 /* XFConfig.m */ = {isa = PBXFileReference; fileEncoding = 4; lastKnownFileType = sourcecode.c.objc; path = XFConfig.m; sourceTree = "<group>"; };
		01B2E38A1D8E2E1700D292C8 /* XFApi.h */ = {isa = PBXFileReference; fileEncoding = 4; lastKnownFileType = sourcecode.c.h; path = XFApi.h; sourceTree = "<group>"; };
		01B2E38B1D8E2E1700D292C8 /* XFApi.m */ = {isa = PBXFileReference; fileEncoding = 4; lastKnownFileType = sourcecode.c.objc; path = XFApi.m; sourceTree = "<group>"; };
		01B2E38C1D8E2E1700D292C8 /* XFNetEngine.h */ = {isa = PBXFileReference; fileEncoding = 4; lastKnownFileType = sourcecode.c.h; path = XFNetEngine.h; sourceTree = "<group>"; };
		01B2E38D1D8E2E1700D292C8 /* XFNetEngine.m */ = {isa = PBXFileReference; fileEncoding = 4; lastKnownFileType = sourcecode.c.objc; path = XFNetEngine.m; sourceTree = "<group>"; };
		01B2E3921D8E2E1700D292C8 /* XFCacheManager.h */ = {isa = PBXFileReference; fileEncoding = 4; lastKnownFileType = sourcecode.c.h; path = XFCacheManager.h; sourceTree = "<group>"; };
		01B2E3931D8E2E1700D292C8 /* XFCacheManager.m */ = {isa = PBXFileReference; fileEncoding = 4; lastKnownFileType = sourcecode.c.objc; path = XFCacheManager.m; sourceTree = "<group>"; };
		01B2E3981D8E2E1700D292C8 /* XFHelper.h */ = {isa = PBXFileReference; fileEncoding = 4; lastKnownFileType = sourcecode.c.h; path = XFHelper.h; sourceTree = "<group>"; };
		01B2E3991D8E2E1700D292C8 /* XFHelper.m */ = {isa = PBXFileReference; fileEncoding = 4; lastKnownFileType = sourcecode.c.objc; path = XFHelper.m; sourceTree = "<group>"; };
		01B2E3A31D8E2EC200D292C8 /* XFModel.h */ = {isa = PBXFileReference; fileEncoding = 4; lastKnownFileType = sourcecode.c.h; path = XFModel.h; sourceTree = "<group>"; };
		01B2E3A41D8E2EC200D292C8 /* XFModel.m */ = {isa = PBXFileReference; fileEncoding = 4; lastKnownFileType = sourcecode.c.objc; path = XFModel.m; sourceTree = "<group>"; };
		01B2E3A61D8E2EEE00D292C8 /* XFUser.h */ = {isa = PBXFileReference; fileEncoding = 4; lastKnownFileType = sourcecode.c.h; path = XFUser.h; sourceTree = "<group>"; };
		01B2E3A71D8E2EEE00D292C8 /* XFUser.m */ = {isa = PBXFileReference; fileEncoding = 4; lastKnownFileType = sourcecode.c.objc; path = XFUser.m; sourceTree = "<group>"; };
		01BBC8961D87C41F00689BFF /* XF.app */ = {isa = PBXFileReference; explicitFileType = wrapper.application; includeInIndex = 0; path = XF.app; sourceTree = BUILT_PRODUCTS_DIR; };
		01BBC89A1D87C41F00689BFF /* main.m */ = {isa = PBXFileReference; lastKnownFileType = sourcecode.c.objc; path = main.m; sourceTree = "<group>"; };
		01BBC89C1D87C41F00689BFF /* AppDelegate.h */ = {isa = PBXFileReference; lastKnownFileType = sourcecode.c.h; path = AppDelegate.h; sourceTree = "<group>"; };
		01BBC89D1D87C41F00689BFF /* AppDelegate.m */ = {isa = PBXFileReference; lastKnownFileType = sourcecode.c.objc; path = AppDelegate.m; sourceTree = "<group>"; };
		01BBC89F1D87C41F00689BFF /* ViewController.h */ = {isa = PBXFileReference; lastKnownFileType = sourcecode.c.h; path = ViewController.h; sourceTree = "<group>"; };
		01BBC8A01D87C41F00689BFF /* ViewController.m */ = {isa = PBXFileReference; lastKnownFileType = sourcecode.c.objc; path = ViewController.m; sourceTree = "<group>"; };
		01BBC8A31D87C41F00689BFF /* Base */ = {isa = PBXFileReference; lastKnownFileType = file.storyboard; name = Base; path = Base.lproj/Main.storyboard; sourceTree = "<group>"; };
		01BBC8A61D87C41F00689BFF /* XF.xcdatamodel */ = {isa = PBXFileReference; lastKnownFileType = wrapper.xcdatamodel; path = XF.xcdatamodel; sourceTree = "<group>"; };
		01BBC8A81D87C41F00689BFF /* Assets.xcassets */ = {isa = PBXFileReference; lastKnownFileType = folder.assetcatalog; path = Assets.xcassets; sourceTree = "<group>"; };
		01BBC8AB1D87C41F00689BFF /* Base */ = {isa = PBXFileReference; lastKnownFileType = file.storyboard; name = Base; path = Base.lproj/LaunchScreen.storyboard; sourceTree = "<group>"; };
		01BBC8AD1D87C41F00689BFF /* Info.plist */ = {isa = PBXFileReference; lastKnownFileType = text.plist.xml; path = Info.plist; sourceTree = "<group>"; };
		01BBC8B21D87C41F00689BFF /* XFTests.xctest */ = {isa = PBXFileReference; explicitFileType = wrapper.cfbundle; includeInIndex = 0; path = XFTests.xctest; sourceTree = BUILT_PRODUCTS_DIR; };
		01BBC8B61D87C41F00689BFF /* XFTests.m */ = {isa = PBXFileReference; lastKnownFileType = sourcecode.c.objc; path = XFTests.m; sourceTree = "<group>"; };
		01BBC8B81D87C41F00689BFF /* Info.plist */ = {isa = PBXFileReference; lastKnownFileType = text.plist.xml; path = Info.plist; sourceTree = "<group>"; };
		01BBC8BD1D87C41F00689BFF /* XFUITests.xctest */ = {isa = PBXFileReference; explicitFileType = wrapper.cfbundle; includeInIndex = 0; path = XFUITests.xctest; sourceTree = BUILT_PRODUCTS_DIR; };
		01BBC8C11D87C41F00689BFF /* XFUITests.m */ = {isa = PBXFileReference; lastKnownFileType = sourcecode.c.objc; path = XFUITests.m; sourceTree = "<group>"; };
		01BBC8C31D87C41F00689BFF /* Info.plist */ = {isa = PBXFileReference; lastKnownFileType = text.plist.xml; path = Info.plist; sourceTree = "<group>"; };
		811BD0761DB8BE6300234CE8 /* payService.h */ = {isa = PBXFileReference; fileEncoding = 4; lastKnownFileType = sourcecode.c.h; path = payService.h; sourceTree = "<group>"; };
		811BD0771DB8BE6300234CE8 /* payService.m */ = {isa = PBXFileReference; fileEncoding = 4; lastKnownFileType = sourcecode.c.objc; path = payService.m; sourceTree = "<group>"; };
		811BD0791DB8E7D300234CE8 /* IAPPayManager.h */ = {isa = PBXFileReference; fileEncoding = 4; lastKnownFileType = sourcecode.c.h; path = IAPPayManager.h; sourceTree = "<group>"; };
		811BD07A1DB8E7D300234CE8 /* IAPPayManager.m */ = {isa = PBXFileReference; fileEncoding = 4; lastKnownFileType = sourcecode.c.objc; path = IAPPayManager.m; sourceTree = "<group>"; };
		813F93E41DB5F8F700722E22 /* StoreKit.framework */ = {isa = PBXFileReference; lastKnownFileType = wrapper.framework; name = StoreKit.framework; path = System/Library/Frameworks/StoreKit.framework; sourceTree = SDKROOT; };
		819D7BF21DC0FDAD00261CD1 /* LoginViewController.h */ = {isa = PBXFileReference; fileEncoding = 4; lastKnownFileType = sourcecode.c.h; path = LoginViewController.h; sourceTree = "<group>"; };
		819D7BF31DC0FDAD00261CD1 /* LoginViewController.m */ = {isa = PBXFileReference; fileEncoding = 4; lastKnownFileType = sourcecode.c.objc; path = LoginViewController.m; sourceTree = "<group>"; };
		81A6B78E1DAF8C610057D302 /* payViewController.h */ = {isa = PBXFileReference; fileEncoding = 4; lastKnownFileType = sourcecode.c.h; path = payViewController.h; sourceTree = "<group>"; };
		81A6B78F1DAF8C610057D302 /* payViewController.m */ = {isa = PBXFileReference; fileEncoding = 4; lastKnownFileType = sourcecode.c.objc; path = payViewController.m; sourceTree = "<group>"; };
		81A6B7901DAF8C610057D302 /* payViewController.xib */ = {isa = PBXFileReference; fileEncoding = 4; lastKnownFileType = file.xib; path = payViewController.xib; sourceTree = "<group>"; };
		C73E134EA0202F1A52BFE85B /* Pods-XF.release.xcconfig */ = {isa = PBXFileReference; includeInIndex = 1; lastKnownFileType = text.xcconfig; name = "Pods-XF.release.xcconfig"; path = "Pods/Target Support Files/Pods-XF/Pods-XF.release.xcconfig"; sourceTree = "<group>"; };
		DDCD8E1ED43D48629A1B0A2F /* Pods-XF.debug.xcconfig */ = {isa = PBXFileReference; includeInIndex = 1; lastKnownFileType = text.xcconfig; name = "Pods-XF.debug.xcconfig"; path = "Pods/Target Support Files/Pods-XF/Pods-XF.debug.xcconfig"; sourceTree = "<group>"; };
		FD90BFE34D4A5FFF50ABBEDB /* libPods-XF.a */ = {isa = PBXFileReference; explicitFileType = archive.ar; includeInIndex = 0; path = "libPods-XF.a"; sourceTree = BUILT_PRODUCTS_DIR; };
/* End PBXFileReference section */

/* Begin PBXFrameworksBuildPhase section */
		01BBC8931D87C41F00689BFF /* Frameworks */ = {
			isa = PBXFrameworksBuildPhase;
			buildActionMask = 2147483647;
			files = (
				813F93E51DB5F8F700722E22 /* StoreKit.framework in Frameworks */,
				C3E5A337AFA98E1B984AA172 /* libPods-XF.a in Frameworks */,
			);
			runOnlyForDeploymentPostprocessing = 0;
		};
		01BBC8AF1D87C41F00689BFF /* Frameworks */ = {
			isa = PBXFrameworksBuildPhase;
			buildActionMask = 2147483647;
			files = (
			);
			runOnlyForDeploymentPostprocessing = 0;
		};
		01BBC8BA1D87C41F00689BFF /* Frameworks */ = {
			isa = PBXFrameworksBuildPhase;
			buildActionMask = 2147483647;
			files = (
			);
			runOnlyForDeploymentPostprocessing = 0;
		};
/* End PBXFrameworksBuildPhase section */

/* Begin PBXGroup section */
		01B2E3781D8E2E1700D292C8 /* Model */ = {
			isa = PBXGroup;
			children = (
				01B2E3A21D8E2E9500D292C8 /* Base */,
				01B2E3A61D8E2EEE00D292C8 /* XFUser.h */,
				01B2E3A71D8E2EEE00D292C8 /* XFUser.m */,
			);
			path = Model;
			sourceTree = "<group>";
		};
		01B2E3791D8E2E1700D292C8 /* Service */ = {
			isa = PBXGroup;
			children = (
				819D7BF11DC0FD8800261CD1 /* LoginService */,
				01B2E37A1D8E2E1700D292C8 /* BaseService */,
				01B2E37F1D8E2E1700D292C8 /* BlueToothService */,
				01B2E3801D8E2E1700D292C8 /* ConfigService */,
				01B2E3851D8E2E1700D292C8 /* CryptoService */,
				01B2E3861D8E2E1700D292C8 /* LogService */,
				01B2E3871D8E2E1700D292C8 /* MapService */,
				01B2E3881D8E2E1700D292C8 /* MediaService */,
				01B2E3891D8E2E1700D292C8 /* NetService */,
				01B2E38E1D8E2E1700D292C8 /* NotifyService */,
				01B2E38F1D8E2E1700D292C8 /* PayService */,
				01B2E3901D8E2E1700D292C8 /* StoreService */,
				01B2E3961D8E2E1700D292C8 /* SystemMonitorService */,
				01B2E3971D8E2E1700D292C8 /* UtilService */,
			);
			path = Service;
			sourceTree = "<group>";
		};
		01B2E37A1D8E2E1700D292C8 /* BaseService */ = {
			isa = PBXGroup;
			children = (
				01B2E37B1D8E2E1700D292C8 /* XFBaseViewController.h */,
				01B2E37C1D8E2E1700D292C8 /* XFBaseViewController.m */,
				01B2E37D1D8E2E1700D292C8 /* XFObject.h */,
				01B2E37E1D8E2E1700D292C8 /* XFObject.m */,
			);
			path = BaseService;
			sourceTree = "<group>";
		};
		01B2E37F1D8E2E1700D292C8 /* BlueToothService */ = {
			isa = PBXGroup;
			children = (
			);
			path = BlueToothService;
			sourceTree = "<group>";
		};
		01B2E3801D8E2E1700D292C8 /* ConfigService */ = {
			isa = PBXGroup;
			children = (
				01B2E3811D8E2E1700D292C8 /* DeviceUDID.h */,
				01B2E3821D8E2E1700D292C8 /* DeviceUDID.m */,
				01B2E3831D8E2E1700D292C8 /* XFConfig.h */,
				01B2E3841D8E2E1700D292C8 /* XFConfig.m */,
			);
			path = ConfigService;
			sourceTree = "<group>";
		};
		01B2E3851D8E2E1700D292C8 /* CryptoService */ = {
			isa = PBXGroup;
			children = (
			);
			path = CryptoService;
			sourceTree = "<group>";
		};
		01B2E3861D8E2E1700D292C8 /* LogService */ = {
			isa = PBXGroup;
			children = (
			);
			path = LogService;
			sourceTree = "<group>";
		};
		01B2E3871D8E2E1700D292C8 /* MapService */ = {
			isa = PBXGroup;
			children = (
			);
			path = MapService;
			sourceTree = "<group>";
		};
		01B2E3881D8E2E1700D292C8 /* MediaService */ = {
			isa = PBXGroup;
			children = (
			);
			path = MediaService;
			sourceTree = "<group>";
		};
		01B2E3891D8E2E1700D292C8 /* NetService */ = {
			isa = PBXGroup;
			children = (
				01B2E38A1D8E2E1700D292C8 /* XFApi.h */,
				01B2E38B1D8E2E1700D292C8 /* XFApi.m */,
				01B2E38C1D8E2E1700D292C8 /* XFNetEngine.h */,
				01B2E38D1D8E2E1700D292C8 /* XFNetEngine.m */,
			);
			path = NetService;
			sourceTree = "<group>";
		};
		01B2E38E1D8E2E1700D292C8 /* NotifyService */ = {
			isa = PBXGroup;
			children = (
			);
			path = NotifyService;
			sourceTree = "<group>";
		};
		01B2E38F1D8E2E1700D292C8 /* PayService */ = {
			isa = PBXGroup;
			children = (
				81A6B78E1DAF8C610057D302 /* payViewController.h */,
				81A6B78F1DAF8C610057D302 /* payViewController.m */,
				81A6B7901DAF8C610057D302 /* payViewController.xib */,
				811BD0761DB8BE6300234CE8 /* payService.h */,
				811BD0771DB8BE6300234CE8 /* payService.m */,
				811BD0791DB8E7D300234CE8 /* IAPPayManager.h */,
				811BD07A1DB8E7D300234CE8 /* IAPPayManager.m */,
			);
			path = PayService;
			sourceTree = "<group>";
		};
		01B2E3901D8E2E1700D292C8 /* StoreService */ = {
			isa = PBXGroup;
			children = (
				01B2E3911D8E2E1700D292C8 /* CacheManage */,
				01B2E3941D8E2E1700D292C8 /* DataManage */,
				01B2E3951D8E2E1700D292C8 /* FileManage */,
			);
			path = StoreService;
			sourceTree = "<group>";
		};
		01B2E3911D8E2E1700D292C8 /* CacheManage */ = {
			isa = PBXGroup;
			children = (
				01B2E3921D8E2E1700D292C8 /* XFCacheManager.h */,
				01B2E3931D8E2E1700D292C8 /* XFCacheManager.m */,
			);
			path = CacheManage;
			sourceTree = "<group>";
		};
		01B2E3941D8E2E1700D292C8 /* DataManage */ = {
			isa = PBXGroup;
			children = (
			);
			path = DataManage;
			sourceTree = "<group>";
		};
		01B2E3951D8E2E1700D292C8 /* FileManage */ = {
			isa = PBXGroup;
			children = (
			);
			path = FileManage;
			sourceTree = "<group>";
		};
		01B2E3961D8E2E1700D292C8 /* SystemMonitorService */ = {
			isa = PBXGroup;
			children = (
			);
			path = SystemMonitorService;
			sourceTree = "<group>";
		};
		01B2E3971D8E2E1700D292C8 /* UtilService */ = {
			isa = PBXGroup;
			children = (
				01B2E3981D8E2E1700D292C8 /* XFHelper.h */,
				01B2E3991D8E2E1700D292C8 /* XFHelper.m */,
			);
			path = UtilService;
			sourceTree = "<group>";
		};
		01B2E3A21D8E2E9500D292C8 /* Base */ = {
			isa = PBXGroup;
			children = (
				01B2E3A31D8E2EC200D292C8 /* XFModel.h */,
				01B2E3A41D8E2EC200D292C8 /* XFModel.m */,
			);
			path = Base;
			sourceTree = "<group>";
		};
		01BBC88D1D87C41F00689BFF = {
			isa = PBXGroup;
			children = (
				01BBC8981D87C41F00689BFF /* XF */,
				01BBC8B51D87C41F00689BFF /* XFTests */,
				01BBC8C01D87C41F00689BFF /* XFUITests */,
				01BBC8971D87C41F00689BFF /* Products */,
				70146EB39AE6784F1E25AA91 /* Pods */,
				D1C0D9A64A9473CBFE21818A /* Frameworks */,
			);
			sourceTree = "<group>";
		};
		01BBC8971D87C41F00689BFF /* Products */ = {
			isa = PBXGroup;
			children = (
				01BBC8961D87C41F00689BFF /* XF.app */,
				01BBC8B21D87C41F00689BFF /* XFTests.xctest */,
				01BBC8BD1D87C41F00689BFF /* XFUITests.xctest */,
			);
			name = Products;
			sourceTree = "<group>";
		};
		01BBC8981D87C41F00689BFF /* XF */ = {
			isa = PBXGroup;
			children = (
				01B2E3781D8E2E1700D292C8 /* Model */,
				01B2E3791D8E2E1700D292C8 /* Service */,
				01BBC8991D87C41F00689BFF /* Supporting Files */,
			);
			path = XF;
			sourceTree = "<group>";
		};
		01BBC8991D87C41F00689BFF /* Supporting Files */ = {
			isa = PBXGroup;
			children = (
				01BBC89C1D87C41F00689BFF /* AppDelegate.h */,
				01BBC89D1D87C41F00689BFF /* AppDelegate.m */,
				01BBC89F1D87C41F00689BFF /* ViewController.h */,
				01BBC8A01D87C41F00689BFF /* ViewController.m */,
				01BBC8A21D87C41F00689BFF /* Main.storyboard */,
				01BBC8A81D87C41F00689BFF /* Assets.xcassets */,
				01BBC8AA1D87C41F00689BFF /* LaunchScreen.storyboard */,
				01BBC8AD1D87C41F00689BFF /* Info.plist */,
				01BBC8A51D87C41F00689BFF /* XF.xcdatamodeld */,
				01BBC89A1D87C41F00689BFF /* main.m */,
				01B2E36A1D8CFA2000D292C8 /* PrefixHeader.pch */,
			);
			name = "Supporting Files";
			sourceTree = "<group>";
		};
		01BBC8B51D87C41F00689BFF /* XFTests */ = {
			isa = PBXGroup;
			children = (
				01BBC8B61D87C41F00689BFF /* XFTests.m */,
				01BBC8B81D87C41F00689BFF /* Info.plist */,
			);
			path = XFTests;
			sourceTree = "<group>";
		};
		01BBC8C01D87C41F00689BFF /* XFUITests */ = {
			isa = PBXGroup;
			children = (
				01BBC8C11D87C41F00689BFF /* XFUITests.m */,
				01BBC8C31D87C41F00689BFF /* Info.plist */,
			);
			path = XFUITests;
			sourceTree = "<group>";
		};
		70146EB39AE6784F1E25AA91 /* Pods */ = {
			isa = PBXGroup;
			children = (
				DDCD8E1ED43D48629A1B0A2F /* Pods-XF.debug.xcconfig */,
				C73E134EA0202F1A52BFE85B /* Pods-XF.release.xcconfig */,
			);
			name = Pods;
			sourceTree = "<group>";
		};
		819D7BF11DC0FD8800261CD1 /* LoginService */ = {
			isa = PBXGroup;
			children = (
				819D7BF21DC0FDAD00261CD1 /* LoginViewController.h */,
				819D7BF31DC0FDAD00261CD1 /* LoginViewController.m */,
			);
			path = LoginService;
			sourceTree = "<group>";
		};
		D1C0D9A64A9473CBFE21818A /* Frameworks */ = {
			isa = PBXGroup;
			children = (
				813F93E41DB5F8F700722E22 /* StoreKit.framework */,
				FD90BFE34D4A5FFF50ABBEDB /* libPods-XF.a */,
			);
			name = Frameworks;
			sourceTree = "<group>";
		};
/* End PBXGroup section */

/* Begin PBXNativeTarget section */
		01BBC8951D87C41F00689BFF /* XF */ = {
			isa = PBXNativeTarget;
			buildConfigurationList = 01BBC8C61D87C41F00689BFF /* Build configuration list for PBXNativeTarget "XF" */;
			buildPhases = (
				3A157BBAB8E8AC3782BD456B /* [CP] Check Pods Manifest.lock */,
				01BBC8921D87C41F00689BFF /* Sources */,
				01BBC8931D87C41F00689BFF /* Frameworks */,
				01BBC8941D87C41F00689BFF /* Resources */,
				BC9995C2EB21D861A5EB9E63 /* [CP] Embed Pods Frameworks */,
				FB9A682EFF101C33EA0CC664 /* [CP] Copy Pods Resources */,
			);
			buildRules = (
			);
			dependencies = (
			);
			name = XF;
			productName = XF;
			productReference = 01BBC8961D87C41F00689BFF /* XF.app */;
			productType = "com.apple.product-type.application";
		};
		01BBC8B11D87C41F00689BFF /* XFTests */ = {
			isa = PBXNativeTarget;
			buildConfigurationList = 01BBC8C91D87C41F00689BFF /* Build configuration list for PBXNativeTarget "XFTests" */;
			buildPhases = (
				01BBC8AE1D87C41F00689BFF /* Sources */,
				01BBC8AF1D87C41F00689BFF /* Frameworks */,
				01BBC8B01D87C41F00689BFF /* Resources */,
			);
			buildRules = (
			);
			dependencies = (
				01BBC8B41D87C41F00689BFF /* PBXTargetDependency */,
			);
			name = XFTests;
			productName = XFTests;
			productReference = 01BBC8B21D87C41F00689BFF /* XFTests.xctest */;
			productType = "com.apple.product-type.bundle.unit-test";
		};
		01BBC8BC1D87C41F00689BFF /* XFUITests */ = {
			isa = PBXNativeTarget;
			buildConfigurationList = 01BBC8CC1D87C41F00689BFF /* Build configuration list for PBXNativeTarget "XFUITests" */;
			buildPhases = (
				01BBC8B91D87C41F00689BFF /* Sources */,
				01BBC8BA1D87C41F00689BFF /* Frameworks */,
				01BBC8BB1D87C41F00689BFF /* Resources */,
			);
			buildRules = (
			);
			dependencies = (
				01BBC8BF1D87C41F00689BFF /* PBXTargetDependency */,
			);
			name = XFUITests;
			productName = XFUITests;
			productReference = 01BBC8BD1D87C41F00689BFF /* XFUITests.xctest */;
			productType = "com.apple.product-type.bundle.ui-testing";
		};
/* End PBXNativeTarget section */

/* Begin PBXProject section */
		01BBC88E1D87C41F00689BFF /* Project object */ = {
			isa = PBXProject;
			attributes = {
				LastUpgradeCheck = 0800;
				ORGANIZATIONNAME = free;
				TargetAttributes = {
					01BBC8951D87C41F00689BFF = {
						CreatedOnToolsVersion = 7.2.1;
						DevelopmentTeam = EJ6QHVN5KX;
						ProvisioningStyle = Automatic;
					};
					01BBC8B11D87C41F00689BFF = {
						CreatedOnToolsVersion = 7.2.1;
						TestTargetID = 01BBC8951D87C41F00689BFF;
					};
					01BBC8BC1D87C41F00689BFF = {
						CreatedOnToolsVersion = 7.2.1;
						TestTargetID = 01BBC8951D87C41F00689BFF;
					};
				};
			};
			buildConfigurationList = 01BBC8911D87C41F00689BFF /* Build configuration list for PBXProject "XF" */;
			compatibilityVersion = "Xcode 3.2";
			developmentRegion = English;
			hasScannedForEncodings = 0;
			knownRegions = (
				en,
				Base,
			);
			mainGroup = 01BBC88D1D87C41F00689BFF;
			productRefGroup = 01BBC8971D87C41F00689BFF /* Products */;
			projectDirPath = "";
			projectRoot = "";
			targets = (
				01BBC8951D87C41F00689BFF /* XF */,
				01BBC8B11D87C41F00689BFF /* XFTests */,
				01BBC8BC1D87C41F00689BFF /* XFUITests */,
			);
		};
/* End PBXProject section */

/* Begin PBXResourcesBuildPhase section */
		01BBC8941D87C41F00689BFF /* Resources */ = {
			isa = PBXResourcesBuildPhase;
			buildActionMask = 2147483647;
			files = (
				01BBC8AC1D87C41F00689BFF /* LaunchScreen.storyboard in Resources */,
				01BBC8A91D87C41F00689BFF /* Assets.xcassets in Resources */,
				01BBC8A41D87C41F00689BFF /* Main.storyboard in Resources */,
				81A6B7921DAF8C610057D302 /* payViewController.xib in Resources */,
			);
			runOnlyForDeploymentPostprocessing = 0;
		};
		01BBC8B01D87C41F00689BFF /* Resources */ = {
			isa = PBXResourcesBuildPhase;
			buildActionMask = 2147483647;
			files = (
			);
			runOnlyForDeploymentPostprocessing = 0;
		};
		01BBC8BB1D87C41F00689BFF /* Resources */ = {
			isa = PBXResourcesBuildPhase;
			buildActionMask = 2147483647;
			files = (
			);
			runOnlyForDeploymentPostprocessing = 0;
		};
/* End PBXResourcesBuildPhase section */

/* Begin PBXShellScriptBuildPhase section */
		3A157BBAB8E8AC3782BD456B /* [CP] Check Pods Manifest.lock */ = {
			isa = PBXShellScriptBuildPhase;
			buildActionMask = 2147483647;
			files = (
			);
			inputPaths = (
			);
			name = "[CP] Check Pods Manifest.lock";
			outputPaths = (
			);
			runOnlyForDeploymentPostprocessing = 0;
			shellPath = /bin/sh;
			shellScript = "diff \"${PODS_ROOT}/../Podfile.lock\" \"${PODS_ROOT}/Manifest.lock\" > /dev/null\nif [ $? != 0 ] ; then\n    # print error to STDERR\n    echo \"error: The sandbox is not in sync with the Podfile.lock. Run 'pod install' or update your CocoaPods installation.\" >&2\n    exit 1\nfi\n";
			showEnvVarsInLog = 0;
		};
		BC9995C2EB21D861A5EB9E63 /* [CP] Embed Pods Frameworks */ = {
			isa = PBXShellScriptBuildPhase;
			buildActionMask = 2147483647;
			files = (
			);
			inputPaths = (
			);
			name = "[CP] Embed Pods Frameworks";
			outputPaths = (
			);
			runOnlyForDeploymentPostprocessing = 0;
			shellPath = /bin/sh;
			shellScript = "\"${SRCROOT}/Pods/Target Support Files/Pods-XF/Pods-XF-frameworks.sh\"\n";
			showEnvVarsInLog = 0;
		};
		FB9A682EFF101C33EA0CC664 /* [CP] Copy Pods Resources */ = {
			isa = PBXShellScriptBuildPhase;
			buildActionMask = 2147483647;
			files = (
			);
			inputPaths = (
			);
			name = "[CP] Copy Pods Resources";
			outputPaths = (
			);
			runOnlyForDeploymentPostprocessing = 0;
			shellPath = /bin/sh;
			shellScript = "\"${SRCROOT}/Pods/Target Support Files/Pods-XF/Pods-XF-resources.sh\"\n";
			showEnvVarsInLog = 0;
		};
/* End PBXShellScriptBuildPhase section */

/* Begin PBXSourcesBuildPhase section */
		01BBC8921D87C41F00689BFF /* Sources */ = {
			isa = PBXSourcesBuildPhase;
			buildActionMask = 2147483647;
			files = (
				811BD07B1DB8E7D300234CE8 /* IAPPayManager.m in Sources */,
				01B2E39C1D8E2E1700D292C8 /* DeviceUDID.m in Sources */,
				01B2E39D1D8E2E1700D292C8 /* XFConfig.m in Sources */,
				811BD0781DB8BE6300234CE8 /* payService.m in Sources */,
				01BBC8A11D87C41F00689BFF /* ViewController.m in Sources */,
				81A6B7911DAF8C610057D302 /* payViewController.m in Sources */,
				01B2E3A11D8E2E1700D292C8 /* XFHelper.m in Sources */,
				01B2E3A81D8E2EEE00D292C8 /* XFUser.m in Sources */,
				01B2E39F1D8E2E1700D292C8 /* XFNetEngine.m in Sources */,
				01B2E3A01D8E2E1700D292C8 /* XFCacheManager.m in Sources */,
				01B2E39E1D8E2E1700D292C8 /* XFApi.m in Sources */,
				01B2E39A1D8E2E1700D292C8 /* XFBaseViewController.m in Sources */,
				01BBC8A71D87C41F00689BFF /* XF.xcdatamodeld in Sources */,
				01BBC89E1D87C41F00689BFF /* AppDelegate.m in Sources */,
				819D7BF41DC0FDAD00261CD1 /* LoginViewController.m in Sources */,
				01B2E39B1D8E2E1700D292C8 /* XFObject.m in Sources */,
				01B2E3A51D8E2EC200D292C8 /* XFModel.m in Sources */,
				01BBC89B1D87C41F00689BFF /* main.m in Sources */,
			);
			runOnlyForDeploymentPostprocessing = 0;
		};
		01BBC8AE1D87C41F00689BFF /* Sources */ = {
			isa = PBXSourcesBuildPhase;
			buildActionMask = 2147483647;
			files = (
				01BBC8B71D87C41F00689BFF /* XFTests.m in Sources */,
			);
			runOnlyForDeploymentPostprocessing = 0;
		};
		01BBC8B91D87C41F00689BFF /* Sources */ = {
			isa = PBXSourcesBuildPhase;
			buildActionMask = 2147483647;
			files = (
				01BBC8C21D87C41F00689BFF /* XFUITests.m in Sources */,
			);
			runOnlyForDeploymentPostprocessing = 0;
		};
/* End PBXSourcesBuildPhase section */

/* Begin PBXTargetDependency section */
		01BBC8B41D87C41F00689BFF /* PBXTargetDependency */ = {
			isa = PBXTargetDependency;
			target = 01BBC8951D87C41F00689BFF /* XF */;
			targetProxy = 01BBC8B31D87C41F00689BFF /* PBXContainerItemProxy */;
		};
		01BBC8BF1D87C41F00689BFF /* PBXTargetDependency */ = {
			isa = PBXTargetDependency;
			target = 01BBC8951D87C41F00689BFF /* XF */;
			targetProxy = 01BBC8BE1D87C41F00689BFF /* PBXContainerItemProxy */;
		};
/* End PBXTargetDependency section */

/* Begin PBXVariantGroup section */
		01BBC8A21D87C41F00689BFF /* Main.storyboard */ = {
			isa = PBXVariantGroup;
			children = (
				01BBC8A31D87C41F00689BFF /* Base */,
			);
			name = Main.storyboard;
			sourceTree = "<group>";
		};
		01BBC8AA1D87C41F00689BFF /* LaunchScreen.storyboard */ = {
			isa = PBXVariantGroup;
			children = (
				01BBC8AB1D87C41F00689BFF /* Base */,
			);
			name = LaunchScreen.storyboard;
			sourceTree = "<group>";
		};
/* End PBXVariantGroup section */

/* Begin XCBuildConfiguration section */
		01BBC8C41D87C41F00689BFF /* Debug */ = {
			isa = XCBuildConfiguration;
			buildSettings = {
				ALWAYS_SEARCH_USER_PATHS = NO;
				CLANG_CXX_LANGUAGE_STANDARD = "gnu++0x";
				CLANG_CXX_LIBRARY = "libc++";
				CLANG_ENABLE_MODULES = YES;
				CLANG_ENABLE_OBJC_ARC = YES;
				CLANG_WARN_BOOL_CONVERSION = YES;
				CLANG_WARN_CONSTANT_CONVERSION = YES;
				CLANG_WARN_DIRECT_OBJC_ISA_USAGE = YES_ERROR;
				CLANG_WARN_EMPTY_BODY = YES;
				CLANG_WARN_ENUM_CONVERSION = YES;
				CLANG_WARN_INFINITE_RECURSION = YES;
				CLANG_WARN_INT_CONVERSION = YES;
				CLANG_WARN_OBJC_ROOT_CLASS = YES_ERROR;
				CLANG_WARN_SUSPICIOUS_MOVE = YES;
				CLANG_WARN_UNREACHABLE_CODE = YES;
				CLANG_WARN__DUPLICATE_METHOD_MATCH = YES;
				"CODE_SIGN_IDENTITY[sdk=iphoneos*]" = "iPhone Developer";
				COPY_PHASE_STRIP = NO;
				DEBUG_INFORMATION_FORMAT = dwarf;
				ENABLE_STRICT_OBJC_MSGSEND = YES;
				ENABLE_TESTABILITY = YES;
				GCC_C_LANGUAGE_STANDARD = gnu99;
				GCC_DYNAMIC_NO_PIC = NO;
				GCC_NO_COMMON_BLOCKS = YES;
				GCC_OPTIMIZATION_LEVEL = 0;
				GCC_PREPROCESSOR_DEFINITIONS = (
					"DEBUG=1",
					"$(inherited)",
				);
				GCC_WARN_64_TO_32_BIT_CONVERSION = YES;
				GCC_WARN_ABOUT_RETURN_TYPE = YES_ERROR;
				GCC_WARN_UNDECLARED_SELECTOR = YES;
				GCC_WARN_UNINITIALIZED_AUTOS = YES_AGGRESSIVE;
				GCC_WARN_UNUSED_FUNCTION = YES;
				GCC_WARN_UNUSED_VARIABLE = YES;
				IPHONEOS_DEPLOYMENT_TARGET = 7.0;
				MTL_ENABLE_DEBUG_INFO = YES;
				ONLY_ACTIVE_ARCH = YES;
				SDKROOT = iphoneos;
				TARGETED_DEVICE_FAMILY = "1,2";
			};
			name = Debug;
		};
		01BBC8C51D87C41F00689BFF /* Release */ = {
			isa = XCBuildConfiguration;
			buildSettings = {
				ALWAYS_SEARCH_USER_PATHS = NO;
				CLANG_CXX_LANGUAGE_STANDARD = "gnu++0x";
				CLANG_CXX_LIBRARY = "libc++";
				CLANG_ENABLE_MODULES = YES;
				CLANG_ENABLE_OBJC_ARC = YES;
				CLANG_WARN_BOOL_CONVERSION = YES;
				CLANG_WARN_CONSTANT_CONVERSION = YES;
				CLANG_WARN_DIRECT_OBJC_ISA_USAGE = YES_ERROR;
				CLANG_WARN_EMPTY_BODY = YES;
				CLANG_WARN_ENUM_CONVERSION = YES;
				CLANG_WARN_INFINITE_RECURSION = YES;
				CLANG_WARN_INT_CONVERSION = YES;
				CLANG_WARN_OBJC_ROOT_CLASS = YES_ERROR;
				CLANG_WARN_SUSPICIOUS_MOVE = YES;
				CLANG_WARN_UNREACHABLE_CODE = YES;
				CLANG_WARN__DUPLICATE_METHOD_MATCH = YES;
				"CODE_SIGN_IDENTITY[sdk=iphoneos*]" = "iPhone Developer";
				COPY_PHASE_STRIP = NO;
				DEBUG_INFORMATION_FORMAT = "dwarf-with-dsym";
				ENABLE_NS_ASSERTIONS = NO;
				ENABLE_STRICT_OBJC_MSGSEND = YES;
				GCC_C_LANGUAGE_STANDARD = gnu99;
				GCC_NO_COMMON_BLOCKS = YES;
				GCC_WARN_64_TO_32_BIT_CONVERSION = YES;
				GCC_WARN_ABOUT_RETURN_TYPE = YES_ERROR;
				GCC_WARN_UNDECLARED_SELECTOR = YES;
				GCC_WARN_UNINITIALIZED_AUTOS = YES_AGGRESSIVE;
				GCC_WARN_UNUSED_FUNCTION = YES;
				GCC_WARN_UNUSED_VARIABLE = YES;
				IPHONEOS_DEPLOYMENT_TARGET = 7.0;
				MTL_ENABLE_DEBUG_INFO = NO;
				SDKROOT = iphoneos;
				TARGETED_DEVICE_FAMILY = "1,2";
				VALIDATE_PRODUCT = YES;
			};
			name = Release;
		};
		01BBC8C71D87C41F00689BFF /* Debug */ = {
			isa = XCBuildConfiguration;
			baseConfigurationReference = DDCD8E1ED43D48629A1B0A2F /* Pods-XF.debug.xcconfig */;
			buildSettings = {
				ASSETCATALOG_COMPILER_APPICON_NAME = AppIcon;
				ASSETCATALOG_COMPILER_LAUNCHIMAGE_NAME = "Brand Assets";
				CODE_SIGN_IDENTITY = "iPhone Developer";
				"CODE_SIGN_IDENTITY[sdk=iphoneos*]" = "iPhone Developer";
				DEVELOPMENT_TEAM = EJ6QHVN5KX;
				GCC_PRECOMPILE_PREFIX_HEADER = YES;
				GCC_PREFIX_HEADER = XF/PrefixHeader.pch;
				INFOPLIST_FILE = XF/Info.plist;
				IPHONEOS_DEPLOYMENT_TARGET = 7.0;
				LD_RUNPATH_SEARCH_PATHS = "$(inherited) @executable_path/Frameworks";
				PRODUCT_BUNDLE_IDENTIFIER = com.free.XF;
				PRODUCT_NAME = "$(TARGET_NAME)";
				PROVISIONING_PROFILE = "";
				PROVISIONING_PROFILE_SPECIFIER = "";
			};
			name = Debug;
		};
		01BBC8C81D87C41F00689BFF /* Release */ = {
			isa = XCBuildConfiguration;
			baseConfigurationReference = C73E134EA0202F1A52BFE85B /* Pods-XF.release.xcconfig */;
			buildSettings = {
				ASSETCATALOG_COMPILER_APPICON_NAME = AppIcon;
				ASSETCATALOG_COMPILER_LAUNCHIMAGE_NAME = "Brand Assets";
				CODE_SIGN_IDENTITY = "iPhone Developer";
				"CODE_SIGN_IDENTITY[sdk=iphoneos*]" = "iPhone Developer";
				DEVELOPMENT_TEAM = EJ6QHVN5KX;
				GCC_PRECOMPILE_PREFIX_HEADER = YES;
				GCC_PREFIX_HEADER = XF/PrefixHeader.pch;
				INFOPLIST_FILE = XF/Info.plist;
				IPHONEOS_DEPLOYMENT_TARGET = 7.0;
				LD_RUNPATH_SEARCH_PATHS = "$(inherited) @executable_path/Frameworks";
				PRODUCT_BUNDLE_IDENTIFIER = com.free.XF;
				PRODUCT_NAME = "$(TARGET_NAME)";
			};
			name = Release;
		};
		01BBC8CA1D87C41F00689BFF /* Debug */ = {
			isa = XCBuildConfiguration;
			buildSettings = {
				BUNDLE_LOADER = "$(TEST_HOST)";
				INFOPLIST_FILE = XFTests/Info.plist;
				LD_RUNPATH_SEARCH_PATHS = "$(inherited) @executable_path/Frameworks @loader_path/Frameworks";
				PRODUCT_BUNDLE_IDENTIFIER = com.free.XFTests;
				PRODUCT_NAME = "$(TARGET_NAME)";
				TEST_HOST = "$(BUILT_PRODUCTS_DIR)/XF.app/XF";
			};
			name = Debug;
		};
		01BBC8CB1D87C41F00689BFF /* Release */ = {
			isa = XCBuildConfiguration;
			buildSettings = {
				BUNDLE_LOADER = "$(TEST_HOST)";
				INFOPLIST_FILE = XFTests/Info.plist;
				LD_RUNPATH_SEARCH_PATHS = "$(inherited) @executable_path/Frameworks @loader_path/Frameworks";
				PRODUCT_BUNDLE_IDENTIFIER = com.free.XFTests;
				PRODUCT_NAME = "$(TARGET_NAME)";
				TEST_HOST = "$(BUILT_PRODUCTS_DIR)/XF.app/XF";
			};
			name = Release;
		};
		01BBC8CD1D87C41F00689BFF /* Debug */ = {
			isa = XCBuildConfiguration;
			buildSettings = {
				INFOPLIST_FILE = XFUITests/Info.plist;
				LD_RUNPATH_SEARCH_PATHS = "$(inherited) @executable_path/Frameworks @loader_path/Frameworks";
				PRODUCT_BUNDLE_IDENTIFIER = com.free.XFUITests;
				PRODUCT_NAME = "$(TARGET_NAME)";
				TEST_TARGET_NAME = XF;
				USES_XCTRUNNER = YES;
			};
			name = Debug;
		};
		01BBC8CE1D87C41F00689BFF /* Release */ = {
			isa = XCBuildConfiguration;
			buildSettings = {
				INFOPLIST_FILE = XFUITests/Info.plist;
				LD_RUNPATH_SEARCH_PATHS = "$(inherited) @executable_path/Frameworks @loader_path/Frameworks";
				PRODUCT_BUNDLE_IDENTIFIER = com.free.XFUITests;
				PRODUCT_NAME = "$(TARGET_NAME)";
				TEST_TARGET_NAME = XF;
				USES_XCTRUNNER = YES;
			};
			name = Release;
		};
/* End XCBuildConfiguration section */

/* Begin XCConfigurationList section */
		01BBC8911D87C41F00689BFF /* Build configuration list for PBXProject "XF" */ = {
			isa = XCConfigurationList;
			buildConfigurations = (
				01BBC8C41D87C41F00689BFF /* Debug */,
				01BBC8C51D87C41F00689BFF /* Release */,
			);
			defaultConfigurationIsVisible = 0;
			defaultConfigurationName = Release;
		};
		01BBC8C61D87C41F00689BFF /* Build configuration list for PBXNativeTarget "XF" */ = {
			isa = XCConfigurationList;
			buildConfigurations = (
				01BBC8C71D87C41F00689BFF /* Debug */,
				01BBC8C81D87C41F00689BFF /* Release */,
			);
			defaultConfigurationIsVisible = 0;
			defaultConfigurationName = Release;
		};
		01BBC8C91D87C41F00689BFF /* Build configuration list for PBXNativeTarget "XFTests" */ = {
			isa = XCConfigurationList;
			buildConfigurations = (
				01BBC8CA1D87C41F00689BFF /* Debug */,
				01BBC8CB1D87C41F00689BFF /* Release */,
			);
			defaultConfigurationIsVisible = 0;
			defaultConfigurationName = Release;
		};
		01BBC8CC1D87C41F00689BFF /* Build configuration list for PBXNativeTarget "XFUITests" */ = {
			isa = XCConfigurationList;
			buildConfigurations = (
				01BBC8CD1D87C41F00689BFF /* Debug */,
				01BBC8CE1D87C41F00689BFF /* Release */,
			);
			defaultConfigurationIsVisible = 0;
			defaultConfigurationName = Release;
		};
/* End XCConfigurationList section */

/* Begin XCVersionGroup section */
		01BBC8A51D87C41F00689BFF /* XF.xcdatamodeld */ = {
			isa = XCVersionGroup;
			children = (
				01BBC8A61D87C41F00689BFF /* XF.xcdatamodel */,
			);
			currentVersion = 01BBC8A61D87C41F00689BFF /* XF.xcdatamodel */;
			path = XF.xcdatamodeld;
			sourceTree = "<group>";
			versionGroupType = wrapper.xcdatamodel;
		};
/* End XCVersionGroup section */
	};
	rootObject = 01BBC88E1D87C41F00689BFF /* Project object */;
}
